
Microsoft Visual Studio Solution File, Format Version 12.00
# Visual Studio 15
VisualStudioVersion = 15.0.27703.2035
MinimumVisualStudioVersion = 10.0.40219.1
Project("{9A19103F-16F7-4668-BE54-9A1E7A4F7556}") = "Demo.ApiGateWay", "Demo.ApiGateWay\Demo.ApiGateWay.csproj", "{7F032AF4-F097-4A09-8F0A-27483CEE933D}"
EndProject
Project("{FAE04EC0-301F-11D3-BF4B-00C04F79EFBC}") = "Demo.ClientService", "Demo.ClientService\Demo.ClientService.csproj", "{0C5286AE-2C4B-47B2-8543-33549CDBF451}"
EndProject
Project("{FAE04EC0-301F-11D3-BF4B-00C04F79EFBC}") = "Demo.ProductService", "Demo.ProductService\Demo.ProductService.csproj", "{914135DA-C6C3-4B51-83E3-2387BCDC8C26}"
EndProject
Project("{E53339B2-1760-4266-BCC7-CA923CBCF16C}") = "docker-compose", "docker-compose.dcproj", "{30A89C8B-EC1E-4838-9BBA-0158A041C754}"
EndProject
Global
	GlobalSection(SolutionConfigurationPlatforms) = preSolution
		Debug|Any CPU = Debug|Any CPU
		Release|Any CPU = Release|Any CPU
	EndGlobalSection
	GlobalSection(ProjectConfigurationPlatforms) = postSolution
		{7F032AF4-F097-4A09-8F0A-27483CEE933D}.Debug|Any CPU.ActiveCfg = Debug|Any CPU
		{7F032AF4-F097-4A09-8F0A-27483CEE933D}.Debug|Any CPU.Build.0 = Debug|Any CPU
		{7F032AF4-F097-4A09-8F0A-27483CEE933D}.Release|Any CPU.ActiveCfg = Release|Any CPU
		{7F032AF4-F097-4A09-8F0A-27483CEE933D}.Release|Any CPU.Build.0 = Release|Any CPU
		{0C5286AE-2C4B-47B2-8543-33549CDBF451}.Debug|Any CPU.ActiveCfg = Debug|Any CPU
		{0C5286AE-2C4B-47B2-8543-33549CDBF451}.Debug|Any CPU.Build.0 = Debug|Any CPU
		{0C5286AE-2C4B-47B2-8543-33549CDBF451}.Release|Any CPU.ActiveCfg = Release|Any CPU
		{0C5286AE-2C4B-47B2-8543-33549CDBF451}.Release|Any CPU.Build.0 = Release|Any CPU
		{914135DA-C6C3-4B51-83E3-2387BCDC8C26}.Debug|Any CPU.ActiveCfg = Debug|Any CPU
		{914135DA-C6C3-4B51-83E3-2387BCDC8C26}.Debug|Any CPU.Build.0 = Debug|Any CPU
		{914135DA-C6C3-4B51-83E3-2387BCDC8C26}.Release|Any CPU.ActiveCfg = Release|Any CPU
		{914135DA-C6C3-4B51-83E3-2387BCDC8C26}.Release|Any CPU.Build.0 = Release|Any CPU
		{30A89C8B-EC1E-4838-9BBA-0158A041C754}.Debug|Any CPU.ActiveCfg = Debug|Any CPU
		{30A89C8B-EC1E-4838-9BBA-0158A041C754}.Debug|Any CPU.Build.0 = Debug|Any CPU
		{30A89C8B-EC1E-4838-9BBA-0158A041C754}.Release|Any CPU.ActiveCfg = Release|Any CPU
		{30A89C8B-EC1E-4838-9BBA-0158A041C754}.Release|Any CPU.Build.0 = Release|Any CPU
	EndGlobalSection
	GlobalSection(SolutionProperties) = preSolution
		HideSolutionNode = FALSE
	EndGlobalSection
	GlobalSection(ExtensibilityGlobals) = postSolution
		SolutionGuid = {0566317F-5215-4CD8-93B4-0223D8E773F3}
	EndGlobalSection
EndGlobal
